
Microsoft Visual Studio Solution File, Format Version 12.00
# Visual Studio Version 16
VisualStudioVersion = 16.0.29911.84
MinimumVisualStudioVersion = 10.0.40219.1
Project("{FAE04EC0-301F-11D3-BF4B-00C04F79EFBC}") = "PROJECT_5", "PROJECT_5.csproj", "{F94B4DC3-6196-46FC-BC7D-DDA0CB45F127}"
EndProject
Global
	GlobalSection(SolutionConfigurationPlatforms) = preSolution
		Debug|Any CPU = Debug|Any CPU
		Release|Any CPU = Release|Any CPU
	EndGlobalSection
	GlobalSection(ProjectConfigurationPlatforms) = postSolution
		{F94B4DC3-6196-46FC-BC7D-DDA0CB45F127}.Debug|Any CPU.ActiveCfg = Debug|Any CPU
		{F94B4DC3-6196-46FC-BC7D-DDA0CB45F127}.Debug|Any CPU.Build.0 = Debug|Any CPU
		{F94B4DC3-6196-46FC-BC7D-DDA0CB45F127}.Release|Any CPU.ActiveCfg = Release|Any CPU
		{F94B4DC3-6196-46FC-BC7D-DDA0CB45F127}.Release|Any CPU.Build.0 = Release|Any CPU
	EndGlobalSection
	GlobalSection(SolutionProperties) = preSolution
		HideSolutionNode = FALSE
	EndGlobalSection
	GlobalSection(ExtensibilityGlobals) = postSolution
		SolutionGuid = {1D522A24-9644-4F18-B92A-3409C1BAF2E4}
	EndGlobalSection
EndGlobal
